
Microsoft Visual Studio Solution File, Format Version 12.00
# Visual Studio Version 17
VisualStudioVersion = 17.7.34031.279
MinimumVisualStudioVersion = 10.0.40219.1
Project("{FAE04EC0-301F-11D3-BF4B-00C04F79EFBC}") = "tipos_de_variaveis_csharp", "tipos_de_variaveis_csharp\tipos_de_variaveis_csharp.csproj", "{09C3F06C-79DD-482E-87F9-716A2C86BF55}"
EndProject
Global
	GlobalSection(SolutionConfigurationPlatforms) = preSolution
		Debug|Any CPU = Debug|Any CPU
		Release|Any CPU = Release|Any CPU
	EndGlobalSection
	GlobalSection(ProjectConfigurationPlatforms) = postSolution
		{09C3F06C-79DD-482E-87F9-716A2C86BF55}.Debug|Any CPU.ActiveCfg = Debug|Any CPU
		{09C3F06C-79DD-482E-87F9-716A2C86BF55}.Debug|Any CPU.Build.0 = Debug|Any CPU
		{09C3F06C-79DD-482E-87F9-716A2C86BF55}.Release|Any CPU.ActiveCfg = Release|Any CPU
		{09C3F06C-79DD-482E-87F9-716A2C86BF55}.Release|Any CPU.Build.0 = Release|Any CPU
	EndGlobalSection
	GlobalSection(SolutionProperties) = preSolution
		HideSolutionNode = FALSE
	EndGlobalSection
	GlobalSection(ExtensibilityGlobals) = postSolution
		SolutionGuid = {B895E5E7-B02C-42C0-9050-198F3700DEB1}
	EndGlobalSection
EndGlobal
